
Microsoft Visual Studio Solution File, Format Version 12.00
# Visual Studio 15
VisualStudioVersion = 15.0.27004.2006
MinimumVisualStudioVersion = 10.0.40219.1
Project("{FAE04EC0-301F-11D3-BF4B-00C04F79EFBC}") = "SfDateTimeRangeNavigatorSampleIssues.Android", "SfDateTimeRangeNavigatorSampleIssues\SfDateTimeRangeNavigatorSampleIssues.Android\SfDateTimeRangeNavigatorSampleIssues.Android.csproj", "{D6FF4B77-D994-4A2A-9824-97AB8B128893}"
EndProject
Project("{FAE04EC0-301F-11D3-BF4B-00C04F79EFBC}") = "SfDateTimeRangeNavigatorSampleIssues", "SfDateTimeRangeNavigatorSampleIssues\SfDateTimeRangeNavigatorSampleIssues\SfDateTimeRangeNavigatorSampleIssues.csproj", "{428144C9-1CBB-4EC4-942D-36FED68E732E}"
EndProject
Project("{FAE04EC0-301F-11D3-BF4B-00C04F79EFBC}") = "SfDateTimeRangeNavigatorSampleIssues.iOS", "SfDateTimeRangeNavigatorSampleIssues\SfDateTimeRangeNavigatorSampleIssues.iOS\SfDateTimeRangeNavigatorSampleIssues.iOS.csproj", "{AE824777-0FCF-4DEE-B794-B373C060150B}"
EndProject
Global
	GlobalSection(SolutionConfigurationPlatforms) = preSolution
		Ad-Hoc|Any CPU = Ad-Hoc|Any CPU
		Ad-Hoc|iPhone = Ad-Hoc|iPhone
		Ad-Hoc|iPhoneSimulator = Ad-Hoc|iPhoneSimulator
		AppStore|Any CPU = AppStore|Any CPU
		AppStore|iPhone = AppStore|iPhone
		AppStore|iPhoneSimulator = AppStore|iPhoneSimulator
		Debug|Any CPU = Debug|Any CPU
		Debug|iPhone = Debug|iPhone
		Debug|iPhoneSimulator = Debug|iPhoneSimulator
		Release|Any CPU = Release|Any CPU
		Release|iPhone = Release|iPhone
		Release|iPhoneSimulator = Release|iPhoneSimulator
	EndGlobalSection
	GlobalSection(ProjectConfigurationPlatforms) = postSolution
		{D6FF4B77-D994-4A2A-9824-97AB8B128893}.Ad-Hoc|Any CPU.ActiveCfg = Release|Any CPU
		{D6FF4B77-D994-4A2A-9824-97AB8B128893}.Ad-Hoc|Any CPU.Build.0 = Release|Any CPU
		{D6FF4B77-D994-4A2A-9824-97AB8B128893}.Ad-Hoc|Any CPU.Deploy.0 = Release|Any CPU
		{D6FF4B77-D994-4A2A-9824-97AB8B128893}.Ad-Hoc|iPhone.ActiveCfg = Release|Any CPU
		{D6FF4B77-D994-4A2A-9824-97AB8B128893}.Ad-Hoc|iPhone.Build.0 = Release|Any CPU
		{D6FF4B77-D994-4A2A-9824-97AB8B128893}.Ad-Hoc|iPhone.Deploy.0 = Release|Any CPU
		{D6FF4B77-D994-4A2A-9824-97AB8B128893}.Ad-Hoc|iPhoneSimulator.ActiveCfg = Release|Any CPU
		{D6FF4B77-D994-4A2A-9824-97AB8B128893}.Ad-Hoc|iPhoneSimulator.Build.0 = Release|Any CPU
		{D6FF4B77-D994-4A2A-9824-97AB8B128893}.Ad-Hoc|iPhoneSimulator.Deploy.0 = Release|Any CPU
		{D6FF4B77-D994-4A2A-9824-97AB8B128893}.AppStore|Any CPU.ActiveCfg = Release|Any CPU
		{D6FF4B77-D994-4A2A-9824-97AB8B128893}.AppStore|Any CPU.Build.0 = Release|Any CPU
		{D6FF4B77-D994-4A2A-9824-97AB8B128893}.AppStore|Any CPU.Deploy.0 = Release|Any CPU
		{D6FF4B77-D994-4A2A-9824-97AB8B128893}.AppStore|iPhone.ActiveCfg = Release|Any CPU
		{D6FF4B77-D994-4A2A-9824-97AB8B128893}.AppStore|iPhone.Build.0 = Release|Any CPU
		{D6FF4B77-D994-4A2A-9824-97AB8B128893}.AppStore|iPhone.Deploy.0 = Release|Any CPU
		{D6FF4B77-D994-4A2A-9824-97AB8B128893}.AppStore|iPhoneSimulator.ActiveCfg = Release|Any CPU
		{D6FF4B77-D994-4A2A-9824-97AB8B128893}.AppStore|iPhoneSimulator.Build.0 = Release|Any CPU
		{D6FF4B77-D994-4A2A-9824-97AB8B128893}.AppStore|iPhoneSimulator.Deploy.0 = Release|Any CPU
		{D6FF4B77-D994-4A2A-9824-97AB8B128893}.Debug|Any CPU.ActiveCfg = Debug|Any CPU
		{D6FF4B77-D994-4A2A-9824-97AB8B128893}.Debug|Any CPU.Build.0 = Debug|Any CPU
		{D6FF4B77-D994-4A2A-9824-97AB8B128893}.Debug|Any CPU.Deploy.0 = Debug|Any CPU
		{D6FF4B77-D994-4A2A-9824-97AB8B128893}.Debug|iPhone.ActiveCfg = Debug|Any CPU
		{D6FF4B77-D994-4A2A-9824-97AB8B128893}.Debug|iPhone.Build.0 = Debug|Any CPU
		{D6FF4B77-D994-4A2A-9824-97AB8B128893}.Debug|iPhone.Deploy.0 = Debug|Any CPU
		{D6FF4B77-D994-4A2A-9824-97AB8B128893}.Debug|iPhoneSimulator.ActiveCfg = Debug|Any CPU
		{D6FF4B77-D994-4A2A-9824-97AB8B128893}.Debug|iPhoneSimulator.Build.0 = Debug|Any CPU
		{D6FF4B77-D994-4A2A-9824-97AB8B128893}.Debug|iPhoneSimulator.Deploy.0 = Debug|Any CPU
		{D6FF4B77-D994-4A2A-9824-97AB8B128893}.Release|Any CPU.ActiveCfg = Release|Any CPU
		{D6FF4B77-D994-4A2A-9824-97AB8B128893}.Release|Any CPU.Build.0 = Release|Any CPU
		{D6FF4B77-D994-4A2A-9824-97AB8B128893}.Release|Any CPU.Deploy.0 = Release|Any CPU
		{D6FF4B77-D994-4A2A-9824-97AB8B128893}.Release|iPhone.ActiveCfg = Release|Any CPU
		{D6FF4B77-D994-4A2A-9824-97AB8B128893}.Release|iPhone.Build.0 = Release|Any CPU
		{D6FF4B77-D994-4A2A-9824-97AB8B128893}.Release|iPhone.Deploy.0 = Release|Any CPU
		{D6FF4B77-D994-4A2A-9824-97AB8B128893}.Release|iPhoneSimulator.ActiveCfg = Release|Any CPU
		{D6FF4B77-D994-4A2A-9824-97AB8B128893}.Release|iPhoneSimulator.Build.0 = Release|Any CPU
		{D6FF4B77-D994-4A2A-9824-97AB8B128893}.Release|iPhoneSimulator.Deploy.0 = Release|Any CPU
		{428144C9-1CBB-4EC4-942D-36FED68E732E}.Ad-Hoc|Any CPU.ActiveCfg = Release|Any CPU
		{428144C9-1CBB-4EC4-942D-36FED68E732E}.Ad-Hoc|Any CPU.Build.0 = Release|Any CPU
		{428144C9-1CBB-4EC4-942D-36FED68E732E}.Ad-Hoc|iPhone.ActiveCfg = Release|Any CPU
		{428144C9-1CBB-4EC4-942D-36FED68E732E}.Ad-Hoc|iPhone.Build.0 = Release|Any CPU
		{428144C9-1CBB-4EC4-942D-36FED68E732E}.Ad-Hoc|iPhoneSimulator.ActiveCfg = Release|Any CPU
		{428144C9-1CBB-4EC4-942D-36FED68E732E}.Ad-Hoc|iPhoneSimulator.Build.0 = Release|Any CPU
		{428144C9-1CBB-4EC4-942D-36FED68E732E}.AppStore|Any CPU.ActiveCfg = Release|Any CPU
		{428144C9-1CBB-4EC4-942D-36FED68E732E}.AppStore|Any CPU.Build.0 = Release|Any CPU
		{428144C9-1CBB-4EC4-942D-36FED68E732E}.AppStore|iPhone.ActiveCfg = Release|Any CPU
		{428144C9-1CBB-4EC4-942D-36FED68E732E}.AppStore|iPhone.Build.0 = Release|Any CPU
		{428144C9-1CBB-4EC4-942D-36FED68E732E}.AppStore|iPhoneSimulator.ActiveCfg = Release|Any CPU
		{428144C9-1CBB-4EC4-942D-36FED68E732E}.AppStore|iPhoneSimulator.Build.0 = Release|Any CPU
		{428144C9-1CBB-4EC4-942D-36FED68E732E}.Debug|Any CPU.ActiveCfg = Debug|Any CPU
		{428144C9-1CBB-4EC4-942D-36FED68E732E}.Debug|Any CPU.Build.0 = Debug|Any CPU
		{428144C9-1CBB-4EC4-942D-36FED68E732E}.Debug|iPhone.ActiveCfg = Debug|Any CPU
		{428144C9-1CBB-4EC4-942D-36FED68E732E}.Debug|iPhone.Build.0 = Debug|Any CPU
		{428144C9-1CBB-4EC4-942D-36FED68E732E}.Debug|iPhoneSimulator.ActiveCfg = Debug|Any CPU
		{428144C9-1CBB-4EC4-942D-36FED68E732E}.Debug|iPhoneSimulator.Build.0 = Debug|Any CPU
		{428144C9-1CBB-4EC4-942D-36FED68E732E}.Release|Any CPU.ActiveCfg = Release|Any CPU
		{428144C9-1CBB-4EC4-942D-36FED68E732E}.Release|Any CPU.Build.0 = Release|Any CPU
		{428144C9-1CBB-4EC4-942D-36FED68E732E}.Release|iPhone.ActiveCfg = Release|Any CPU
		{428144C9-1CBB-4EC4-942D-36FED68E732E}.Release|iPhone.Build.0 = Release|Any CPU
		{428144C9-1CBB-4EC4-942D-36FED68E732E}.Release|iPhoneSimulator.ActiveCfg = Release|Any CPU
		{428144C9-1CBB-4EC4-942D-36FED68E732E}.Release|iPhoneSimulator.Build.0 = Release|Any CPU
		{AE824777-0FCF-4DEE-B794-B373C060150B}.Ad-Hoc|Any CPU.ActiveCfg = Ad-Hoc|iPhoneSimulator
		{AE824777-0FCF-4DEE-B794-B373C060150B}.Ad-Hoc|iPhone.ActiveCfg = Ad-Hoc|iPhone
		{AE824777-0FCF-4DEE-B794-B373C060150B}.Ad-Hoc|iPhone.Build.0 = Ad-Hoc|iPhone
		{AE824777-0FCF-4DEE-B794-B373C060150B}.Ad-Hoc|iPhoneSimulator.ActiveCfg = Ad-Hoc|iPhoneSimulator
		{AE824777-0FCF-4DEE-B794-B373C060150B}.Ad-Hoc|iPhoneSimulator.Build.0 = Ad-Hoc|iPhoneSimulator
		{AE824777-0FCF-4DEE-B794-B373C060150B}.AppStore|Any CPU.ActiveCfg = AppStore|iPhoneSimulator
		{AE824777-0FCF-4DEE-B794-B373C060150B}.AppStore|iPhone.ActiveCfg = AppStore|iPhone
		{AE824777-0FCF-4DEE-B794-B373C060150B}.AppStore|iPhone.Build.0 = AppStore|iPhone
		{AE824777-0FCF-4DEE-B794-B373C060150B}.AppStore|iPhoneSimulator.ActiveCfg = AppStore|iPhoneSimulator
		{AE824777-0FCF-4DEE-B794-B373C060150B}.AppStore|iPhoneSimulator.Build.0 = AppStore|iPhoneSimulator
		{AE824777-0FCF-4DEE-B794-B373C060150B}.Debug|Any CPU.ActiveCfg = Debug|iPhoneSimulator
		{AE824777-0FCF-4DEE-B794-B373C060150B}.Debug|iPhone.ActiveCfg = Debug|iPhone
		{AE824777-0FCF-4DEE-B794-B373C060150B}.Debug|iPhone.Build.0 = Debug|iPhone
		{AE824777-0FCF-4DEE-B794-B373C060150B}.Debug|iPhoneSimulator.ActiveCfg = Debug|iPhoneSimulator
		{AE824777-0FCF-4DEE-B794-B373C060150B}.Debug|iPhoneSimulator.Build.0 = Debug|iPhoneSimulator
		{AE824777-0FCF-4DEE-B794-B373C060150B}.Release|Any CPU.ActiveCfg = Release|iPhoneSimulator
		{AE824777-0FCF-4DEE-B794-B373C060150B}.Release|iPhone.ActiveCfg = Release|iPhone
		{AE824777-0FCF-4DEE-B794-B373C060150B}.Release|iPhone.Build.0 = Release|iPhone
		{AE824777-0FCF-4DEE-B794-B373C060150B}.Release|iPhoneSimulator.ActiveCfg = Release|iPhoneSimulator
		{AE824777-0FCF-4DEE-B794-B373C060150B}.Release|iPhoneSimulator.Build.0 = Release|iPhoneSimulator
	EndGlobalSection
	GlobalSection(SolutionProperties) = preSolution
		HideSolutionNode = FALSE
	EndGlobalSection
	GlobalSection(ExtensibilityGlobals) = postSolution
		SolutionGuid = {3B215106-F07B-4FA3-B1CB-90C59BD7287D}
	EndGlobalSection
EndGlobal
